// !$*UTF8*$!
{
	archiveVersion = 1;
	classes = {
	};
	objectVersion = 50;
	objects = {

/* Begin PBXBuildFile section */
		8A7D0C5826741C1200C2B47A /* AppDelegate.swift in Sources */ = {isa = PBXBuildFile; fileRef = 8A7D0C5726741C1200C2B47A /* AppDelegate.swift */; };
		8A7D0C5A26741C1200C2B47A /* SceneDelegate.swift in Sources */ = {isa = PBXBuildFile; fileRef = 8A7D0C5926741C1200C2B47A /* SceneDelegate.swift */; };
		8A7D0C5C26741C1200C2B47A /* ViewController.swift in Sources */ = {isa = PBXBuildFile; fileRef = 8A7D0C5B26741C1200C2B47A /* ViewController.swift */; };
		8A7D0C5F26741C1200C2B47A /* Main.storyboard in Resources */ = {isa = PBXBuildFile; fileRef = 8A7D0C5D26741C1200C2B47A /* Main.storyboard */; };
		8A7D0C6126741C1800C2B47A /* Assets.xcassets in Resources */ = {isa = PBXBuildFile; fileRef = 8A7D0C6026741C1800C2B47A /* Assets.xcassets */; };
		8A7D0C6426741C1800C2B47A /* LaunchScreen.storyboard in Resources */ = {isa = PBXBuildFile; fileRef = 8A7D0C6226741C1800C2B47A /* LaunchScreen.storyboard */; };
		8A7D0C6F26741C1800C2B47A /* ios_desafioTests.swift in Sources */ = {isa = PBXBuildFile; fileRef = 8A7D0C6E26741C1800C2B47A /* ios_desafioTests.swift */; };
		8A7D0C7A26741C1800C2B47A /* ios_desafioUITests.swift in Sources */ = {isa = PBXBuildFile; fileRef = 8A7D0C7926741C1800C2B47A /* ios_desafioUITests.swift */; };
/* End PBXBuildFile section */

/* Begin PBXContainerItemProxy section */
		8A7D0C6B26741C1800C2B47A /* PBXContainerItemProxy */ = {
			isa = PBXContainerItemProxy;
			containerPortal = 8A7D0C4C26741C1200C2B47A /* Project object */;
			proxyType = 1;
			remoteGlobalIDString = 8A7D0C5326741C1200C2B47A;
			remoteInfo = "ios-desafio";
		};
		8A7D0C7626741C1800C2B47A /* PBXContainerItemProxy */ = {
			isa = PBXContainerItemProxy;
			containerPortal = 8A7D0C4C26741C1200C2B47A /* Project object */;
			proxyType = 1;
			remoteGlobalIDString = 8A7D0C5326741C1200C2B47A;
			remoteInfo = "ios-desafio";
		};
/* End PBXContainerItemProxy section */

/* Begin PBXFileReference section */
		8A7D0C5426741C1200C2B47A /* ios-desafio.app */ = {isa = PBXFileReference; explicitFileType = wrapper.application; includeInIndex = 0; path = "ios-desafio.app"; sourceTree = BUILT_PRODUCTS_DIR; };
		8A7D0C5726741C1200C2B47A /* AppDelegate.swift */ = {isa = PBXFileReference; lastKnownFileType = sourcecode.swift; path = AppDelegate.swift; sourceTree = "<group>"; };
		8A7D0C5926741C1200C2B47A /* SceneDelegate.swift */ = {isa = PBXFileReference; lastKnownFileType = sourcecode.swift; path = SceneDelegate.swift; sourceTree = "<group>"; };
		8A7D0C5B26741C1200C2B47A /* ViewController.swift */ = {isa = PBXFileReference; lastKnownFileType = sourcecode.swift; path = ViewController.swift; sourceTree = "<group>"; };
		8A7D0C5E26741C1200C2B47A /* Base */ = {isa = PBXFileReference; lastKnownFileType = file.storyboard; name = Base; path = Base.lproj/Main.storyboard; sourceTree = "<group>"; };
		8A7D0C6026741C1800C2B47A /* Assets.xcassets */ = {isa = PBXFileReference; lastKnownFileType = folder.assetcatalog; path = Assets.xcassets; sourceTree = "<group>"; };
		8A7D0C6326741C1800C2B47A /* Base */ = {isa = PBXFileReference; lastKnownFileType = file.storyboard; name = Base; path = Base.lproj/LaunchScreen.storyboard; sourceTree = "<group>"; };
		8A7D0C6526741C1800C2B47A /* Info.plist */ = {isa = PBXFileReference; lastKnownFileType = text.plist.xml; path = Info.plist; sourceTree = "<group>"; };
		8A7D0C6A26741C1800C2B47A /* ios-desafioTests.xctest */ = {isa = PBXFileReference; explicitFileType = wrapper.cfbundle; includeInIndex = 0; path = "ios-desafioTests.xctest"; sourceTree = BUILT_PRODUCTS_DIR; };
		8A7D0C6E26741C1800C2B47A /* ios_desafioTests.swift */ = {isa = PBXFileReference; lastKnownFileType = sourcecode.swift; path = ios_desafioTests.swift; sourceTree = "<group>"; };
		8A7D0C7026741C1800C2B47A /* Info.plist */ = {isa = PBXFileReference; lastKnownFileType = text.plist.xml; path = Info.plist; sourceTree = "<group>"; };
		8A7D0C7526741C1800C2B47A /* ios-desafioUITests.xctest */ = {isa = PBXFileReference; explicitFileType = wrapper.cfbundle; includeInIndex = 0; path = "ios-desafioUITests.xctest"; sourceTree = BUILT_PRODUCTS_DIR; };
		8A7D0C7926741C1800C2B47A /* ios_desafioUITests.swift */ = {isa = PBXFileReference; lastKnownFileType = sourcecode.swift; path = ios_desafioUITests.swift; sourceTree = "<group>"; };
		8A7D0C7B26741C1800C2B47A /* Info.plist */ = {isa = PBXFileReference; lastKnownFileType = text.plist.xml; path = Info.plist; sourceTree = "<group>"; };
/* End PBXFileReference section */

/* Begin PBXFrameworksBuildPhase section */
		8A7D0C5126741C1200C2B47A /* Frameworks */ = {
			isa = PBXFrameworksBuildPhase;
			buildActionMask = 2147483647;
			files = (
			);
			runOnlyForDeploymentPostprocessing = 0;
		};
		8A7D0C6726741C1800C2B47A /* Frameworks */ = {
			isa = PBXFrameworksBuildPhase;
			buildActionMask = 2147483647;
			files = (
			);
			runOnlyForDeploymentPostprocessing = 0;
		};
		8A7D0C7226741C1800C2B47A /* Frameworks */ = {
			isa = PBXFrameworksBuildPhase;
			buildActionMask = 2147483647;
			files = (
			);
			runOnlyForDeploymentPostprocessing = 0;
		};
/* End PBXFrameworksBuildPhase section */

/* Begin PBXGroup section */
		8A7D0C4B26741C1200C2B47A = {
			isa = PBXGroup;
			children = (
				8A7D0C5626741C1200C2B47A /* ios-desafio */,
				8A7D0C6D26741C1800C2B47A /* ios-desafioTests */,
				8A7D0C7826741C1800C2B47A /* ios-desafioUITests */,
				8A7D0C5526741C1200C2B47A /* Products */,
			);
			sourceTree = "<group>";
		};
		8A7D0C5526741C1200C2B47A /* Products */ = {
			isa = PBXGroup;
			children = (
				8A7D0C5426741C1200C2B47A /* ios-desafio.app */,
				8A7D0C6A26741C1800C2B47A /* ios-desafioTests.xctest */,
				8A7D0C7526741C1800C2B47A /* ios-desafioUITests.xctest */,
			);
			name = Products;
			sourceTree = "<group>";
		};
		8A7D0C5626741C1200C2B47A /* ios-desafio */ = {
			isa = PBXGroup;
			children = (
				8A7D0C5726741C1200C2B47A /* AppDelegate.swift */,
				8A7D0C5926741C1200C2B47A /* SceneDelegate.swift */,
				8A7D0C5B26741C1200C2B47A /* ViewController.swift */,
				8A7D0C5D26741C1200C2B47A /* Main.storyboard */,
				8A7D0C6026741C1800C2B47A /* Assets.xcassets */,
				8A7D0C6226741C1800C2B47A /* LaunchScreen.storyboard */,
				8A7D0C6526741C1800C2B47A /* Info.plist */,
			);
			path = "ios-desafio";
			sourceTree = "<group>";
		};
		8A7D0C6D26741C1800C2B47A /* ios-desafioTests */ = {
			isa = PBXGroup;
			children = (
				8A7D0C6E26741C1800C2B47A /* ios_desafioTests.swift */,
				8A7D0C7026741C1800C2B47A /* Info.plist */,
			);
			path = "ios-desafioTests";
			sourceTree = "<group>";
		};
		8A7D0C7826741C1800C2B47A /* ios-desafioUITests */ = {
			isa = PBXGroup;
			children = (
				8A7D0C7926741C1800C2B47A /* ios_desafioUITests.swift */,
				8A7D0C7B26741C1800C2B47A /* Info.plist */,
			);
			path = "ios-desafioUITests";
			sourceTree = "<group>";
		};
/* End PBXGroup section */

/* Begin PBXNativeTarget section */
		8A7D0C5326741C1200C2B47A /* ios-desafio */ = {
			isa = PBXNativeTarget;
			buildConfigurationList = 8A7D0C7E26741C1800C2B47A /* Build configuration list for PBXNativeTarget "ios-desafio" */;
			buildPhases = (
				8A7D0C5026741C1200C2B47A /* Sources */,
				8A7D0C5126741C1200C2B47A /* Frameworks */,
				8A7D0C5226741C1200C2B47A /* Resources */,
			);
			buildRules = (
			);
			dependencies = (
			);
			name = "ios-desafio";
			productName = "ios-desafio";
			productReference = 8A7D0C5426741C1200C2B47A /* ios-desafio.app */;
			productType = "com.apple.product-type.application";
		};
		8A7D0C6926741C1800C2B47A /* ios-desafioTests */ = {
			isa = PBXNativeTarget;
			buildConfigurationList = 8A7D0C8126741C1800C2B47A /* Build configuration list for PBXNativeTarget "ios-desafioTests" */;
			buildPhases = (
				8A7D0C6626741C1800C2B47A /* Sources */,
				8A7D0C6726741C1800C2B47A /* Frameworks */,
				8A7D0C6826741C1800C2B47A /* Resources */,
			);
			buildRules = (
			);
			dependencies = (
				8A7D0C6C26741C1800C2B47A /* PBXTargetDependency */,
			);
			name = "ios-desafioTests";
			productName = "ios-desafioTests";
			productReference = 8A7D0C6A26741C1800C2B47A /* ios-desafioTests.xctest */;
			productType = "com.apple.product-type.bundle.unit-test";
		};
		8A7D0C7426741C1800C2B47A /* ios-desafioUITests */ = {
			isa = PBXNativeTarget;
			buildConfigurationList = 8A7D0C8426741C1800C2B47A /* Build configuration list for PBXNativeTarget "ios-desafioUITests" */;
			buildPhases = (
				8A7D0C7126741C1800C2B47A /* Sources */,
				8A7D0C7226741C1800C2B47A /* Frameworks */,
				8A7D0C7326741C1800C2B47A /* Resources */,
			);
			buildRules = (
			);
			dependencies = (
				8A7D0C7726741C1800C2B47A /* PBXTargetDependency */,
			);
			name = "ios-desafioUITests";
			productName = "ios-desafioUITests";
			productReference = 8A7D0C7526741C1800C2B47A /* ios-desafioUITests.xctest */;
			productType = "com.apple.product-type.bundle.ui-testing";
		};
/* End PBXNativeTarget section */

/* Begin PBXProject section */
		8A7D0C4C26741C1200C2B47A /* Project object */ = {
			isa = PBXProject;
			attributes = {
				LastSwiftUpdateCheck = 1130;
				LastUpgradeCheck = 1130;
				ORGANIZATIONNAME = "Renato Ruiz";
				TargetAttributes = {
					8A7D0C5326741C1200C2B47A = {
						CreatedOnToolsVersion = 11.3.1;
					};
					8A7D0C6926741C1800C2B47A = {
						CreatedOnToolsVersion = 11.3.1;
						TestTargetID = 8A7D0C5326741C1200C2B47A;
					};
					8A7D0C7426741C1800C2B47A = {
						CreatedOnToolsVersion = 11.3.1;
						TestTargetID = 8A7D0C5326741C1200C2B47A;
					};
				};
			};
			buildConfigurationList = 8A7D0C4F26741C1200C2B47A /* Build configuration list for PBXProject "ios-desafio" */;
			compatibilityVersion = "Xcode 9.3";
			developmentRegion = en;
			hasScannedForEncodings = 0;
			knownRegions = (
				en,
				Base,
			);
			mainGroup = 8A7D0C4B26741C1200C2B47A;
			productRefGroup = 8A7D0C5526741C1200C2B47A /* Products */;
			projectDirPath = "";
			projectRoot = "";
			targets = (
				8A7D0C5326741C1200C2B47A /* ios-desafio */,
				8A7D0C6926741C1800C2B47A /* ios-desafioTests */,
				8A7D0C7426741C1800C2B47A /* ios-desafioUITests */,
			);
		};
/* End PBXProject section */

/* Begin PBXResourcesBuildPhase section */
		8A7D0C5226741C1200C2B47A /* Resources */ = {
			isa = PBXResourcesBuildPhase;
			buildActionMask = 2147483647;
			files = (
				8A7D0C6426741C1800C2B47A /* LaunchScreen.storyboard in Resources */,
				8A7D0C6126741C1800C2B47A /* Assets.xcassets in Resources */,
				8A7D0C5F26741C1200C2B47A /* Main.storyboard in Resources */,
			);
			runOnlyForDeploymentPostprocessing = 0;
		};
		8A7D0C6826741C1800C2B47A /* Resources */ = {
			isa = PBXResourcesBuildPhase;
			buildActionMask = 2147483647;
			files = (
			);
			runOnlyForDeploymentPostprocessing = 0;
		};
		8A7D0C7326741C1800C2B47A /* Resources */ = {
			isa = PBXResourcesBuildPhase;
			buildActionMask = 2147483647;
			files = (
			);
			runOnlyForDeploymentPostprocessing = 0;
		};
/* End PBXResourcesBuildPhase section */

/* Begin PBXSourcesBuildPhase section */
		8A7D0C5026741C1200C2B47A /* Sources */ = {
			isa = PBXSourcesBuildPhase;
			buildActionMask = 2147483647;
			files = (
				8A7D0C5C26741C1200C2B47A /* ViewController.swift in Sources */,
				8A7D0C5826741C1200C2B47A /* AppDelegate.swift in Sources */,
				8A7D0C5A26741C1200C2B47A /* SceneDelegate.swift in Sources */,
			);
			runOnlyForDeploymentPostprocessing = 0;
		};
		8A7D0C6626741C1800C2B47A /* Sources */ = {
			isa = PBXSourcesBuildPhase;
			buildActionMask = 2147483647;
			files = (
				8A7D0C6F26741C1800C2B47A /* ios_desafioTests.swift in Sources */,
			);
			runOnlyForDeploymentPostprocessing = 0;
		};
		8A7D0C7126741C1800C2B47A /* Sources */ = {
			isa = PBXSourcesBuildPhase;
			buildActionMask = 2147483647;
			files = (
				8A7D0C7A26741C1800C2B47A /* ios_desafioUITests.swift in Sources */,
			);
			runOnlyForDeploymentPostprocessing = 0;
		};
/* End PBXSourcesBuildPhase section */

/* Begin PBXTargetDependency section */
		8A7D0C6C26741C1800C2B47A /* PBXTargetDependency */ = {
			isa = PBXTargetDependency;
			target = 8A7D0C5326741C1200C2B47A /* ios-desafio */;
			targetProxy = 8A7D0C6B26741C1800C2B47A /* PBXContainerItemProxy */;
		};
		8A7D0C7726741C1800C2B47A /* PBXTargetDependency */ = {
			isa = PBXTargetDependency;
			target = 8A7D0C5326741C1200C2B47A /* ios-desafio */;
			targetProxy = 8A7D0C7626741C1800C2B47A /* PBXContainerItemProxy */;
		};
/* End PBXTargetDependency section */

/* Begin PBXVariantGroup section */
		8A7D0C5D26741C1200C2B47A /* Main.storyboard */ = {
			isa = PBXVariantGroup;
			children = (
				8A7D0C5E26741C1200C2B47A /* Base */,
			);
			name = Main.storyboard;
			sourceTree = "<group>";
		};
		8A7D0C6226741C1800C2B47A /* LaunchScreen.storyboard */ = {
			isa = PBXVariantGroup;
			children = (
				8A7D0C6326741C1800C2B47A /* Base */,
			);
			name = LaunchScreen.storyboard;
			sourceTree = "<group>";
		};
/* End PBXVariantGroup section */

/* Begin XCBuildConfiguration section */
		8A7D0C7C26741C1800C2B47A /* Debug */ = {
			isa = XCBuildConfiguration;
			buildSettings = {
				ALWAYS_SEARCH_USER_PATHS = NO;
				CLANG_ANALYZER_NONNULL = YES;
				CLANG_ANALYZER_NUMBER_OBJECT_CONVERSION = YES_AGGRESSIVE;
				CLANG_CXX_LANGUAGE_STANDARD = "gnu++14";
				CLANG_CXX_LIBRARY = "libc++";
				CLANG_ENABLE_MODULES = YES;
				CLANG_ENABLE_OBJC_ARC = YES;
				CLANG_ENABLE_OBJC_WEAK = YES;
				CLANG_WARN_BLOCK_CAPTURE_AUTORELEASING = YES;
				CLANG_WARN_BOOL_CONVERSION = YES;
				CLANG_WARN_COMMA = YES;
				CLANG_WARN_CONSTANT_CONVERSION = YES;
				CLANG_WARN_DEPRECATED_OBJC_IMPLEMENTATIONS = YES;
				CLANG_WARN_DIRECT_OBJC_ISA_USAGE = YES_ERROR;
				CLANG_WARN_DOCUMENTATION_COMMENTS = YES;
				CLANG_WARN_EMPTY_BODY = YES;
				CLANG_WARN_ENUM_CONVERSION = YES;
				CLANG_WARN_INFINITE_RECURSION = YES;
				CLANG_WARN_INT_CONVERSION = YES;
				CLANG_WARN_NON_LITERAL_NULL_CONVERSION = YES;
				CLANG_WARN_OBJC_IMPLICIT_RETAIN_SELF = YES;
				CLANG_WARN_OBJC_LITERAL_CONVERSION = YES;
				CLANG_WARN_OBJC_ROOT_CLASS = YES_ERROR;
				CLANG_WARN_RANGE_LOOP_ANALYSIS = YES;
				CLANG_WARN_STRICT_PROTOTYPES = YES;
				CLANG_WARN_SUSPICIOUS_MOVE = YES;
				CLANG_WARN_UNGUARDED_AVAILABILITY = YES_AGGRESSIVE;
				CLANG_WARN_UNREACHABLE_CODE = YES;
				CLANG_WARN__DUPLICATE_METHOD_MATCH = YES;
				COPY_PHASE_STRIP = NO;
				DEBUG_INFORMATION_FORMAT = dwarf;
				ENABLE_STRICT_OBJC_MSGSEND = YES;
				ENABLE_TESTABILITY = YES;
				GCC_C_LANGUAGE_STANDARD = gnu11;
				GCC_DYNAMIC_NO_PIC = NO;
				GCC_NO_COMMON_BLOCKS = YES;
				GCC_OPTIMIZATION_LEVEL = 0;
				GCC_PREPROCESSOR_DEFINITIONS = (
					"DEBUG=1",
					"$(inherited)",
				);
				GCC_WARN_64_TO_32_BIT_CONVERSION = YES;
				GCC_WARN_ABOUT_RETURN_TYPE = YES_ERROR;
				GCC_WARN_UNDECLARED_SELECTOR = YES;
				GCC_WARN_UNINITIALIZED_AUTOS = YES_AGGRESSIVE;
				GCC_WARN_UNUSED_FUNCTION = YES;
				GCC_WARN_UNUSED_VARIABLE = YES;
				IPHONEOS_DEPLOYMENT_TARGET = 13.2;
				MTL_ENABLE_DEBUG_INFO = INCLUDE_SOURCE;
				MTL_FAST_MATH = YES;
				ONLY_ACTIVE_ARCH = YES;
				SDKROOT = iphoneos;
				SWIFT_ACTIVE_COMPILATION_CONDITIONS = DEBUG;
				SWIFT_OPTIMIZATION_LEVEL = "-Onone";
			};
			name = Debug;
		};
		8A7D0C7D26741C1800C2B47A /* Release */ = {
			isa = XCBuildConfiguration;
			buildSettings = {
				ALWAYS_SEARCH_USER_PATHS = NO;
				CLANG_ANALYZER_NONNULL = YES;
				CLANG_ANALYZER_NUMBER_OBJECT_CONVERSION = YES_AGGRESSIVE;
				CLANG_CXX_LANGUAGE_STANDARD = "gnu++14";
				CLANG_CXX_LIBRARY = "libc++";
				CLANG_ENABLE_MODULES = YES;
				CLANG_ENABLE_OBJC_ARC = YES;
				CLANG_ENABLE_OBJC_WEAK = YES;
				CLANG_WARN_BLOCK_CAPTURE_AUTORELEASING = YES;
				CLANG_WARN_BOOL_CONVERSION = YES;
				CLANG_WARN_COMMA = YES;
				CLANG_WARN_CONSTANT_CONVERSION = YES;
				CLANG_WARN_DEPRECATED_OBJC_IMPLEMENTATIONS = YES;
				CLANG_WARN_DIRECT_OBJC_ISA_USAGE = YES_ERROR;
				CLANG_WARN_DOCUMENTATION_COMMENTS = YES;
				CLANG_WARN_EMPTY_BODY = YES;
				CLANG_WARN_ENUM_CONVERSION = YES;
				CLANG_WARN_INFINITE_RECURSION = YES;
				CLANG_WARN_INT_CONVERSION = YES;
				CLANG_WARN_NON_LITERAL_NULL_CONVERSION = YES;
				CLANG_WARN_OBJC_IMPLICIT_RETAIN_SELF = YES;
				CLANG_WARN_OBJC_LITERAL_CONVERSION = YES;
				CLANG_WARN_OBJC_ROOT_CLASS = YES_ERROR;
				CLANG_WARN_RANGE_LOOP_ANALYSIS = YES;
				CLANG_WARN_STRICT_PROTOTYPES = YES;
				CLANG_WARN_SUSPICIOUS_MOVE = YES;
				CLANG_WARN_UNGUARDED_AVAILABILITY = YES_AGGRESSIVE;
				CLANG_WARN_UNREACHABLE_CODE = YES;
				CLANG_WARN__DUPLICATE_METHOD_MATCH = YES;
				COPY_PHASE_STRIP = NO;
				DEBUG_INFORMATION_FORMAT = "dwarf-with-dsym";
				ENABLE_NS_ASSERTIONS = NO;
				ENABLE_STRICT_OBJC_MSGSEND = YES;
				GCC_C_LANGUAGE_STANDARD = gnu11;
				GCC_NO_COMMON_BLOCKS = YES;
				GCC_WARN_64_TO_32_BIT_CONVERSION = YES;
				GCC_WARN_ABOUT_RETURN_TYPE = YES_ERROR;
				GCC_WARN_UNDECLARED_SELECTOR = YES;
				GCC_WARN_UNINITIALIZED_AUTOS = YES_AGGRESSIVE;
				GCC_WARN_UNUSED_FUNCTION = YES;
				GCC_WARN_UNUSED_VARIABLE = YES;
				IPHONEOS_DEPLOYMENT_TARGET = 13.2;
				MTL_ENABLE_DEBUG_INFO = NO;
				MTL_FAST_MATH = YES;
				SDKROOT = iphoneos;
				SWIFT_COMPILATION_MODE = wholemodule;
				SWIFT_OPTIMIZATION_LEVEL = "-O";
				VALIDATE_PRODUCT = YES;
			};
			name = Release;
		};
		8A7D0C7F26741C1800C2B47A /* Debug */ = {
			isa = XCBuildConfiguration;
			buildSettings = {
				ASSETCATALOG_COMPILER_APPICON_NAME = AppIcon;
				CODE_SIGN_STYLE = Automatic;
				INFOPLIST_FILE = "ios-desafio/Info.plist";
				LD_RUNPATH_SEARCH_PATHS = (
					"$(inherited)",
					"@executable_path/Frameworks",
				);
				PRODUCT_BUNDLE_IDENTIFIER = "Renato-Ruiz.ios-desafio";
				PRODUCT_NAME = "$(TARGET_NAME)";
				SWIFT_VERSION = 5.0;
				TARGETED_DEVICE_FAMILY = "1,2";
			};
			name = Debug;
		};
		8A7D0C8026741C1800C2B47A /* Release */ = {
			isa = XCBuildConfiguration;
			buildSettings = {
				ASSETCATALOG_COMPILER_APPICON_NAME = AppIcon;
				CODE_SIGN_STYLE = Automatic;
				INFOPLIST_FILE = "ios-desafio/Info.plist";
				LD_RUNPATH_SEARCH_PATHS = (
					"$(inherited)",
					"@executable_path/Frameworks",
				);
				PRODUCT_BUNDLE_IDENTIFIER = "Renato-Ruiz.ios-desafio";
				PRODUCT_NAME = "$(TARGET_NAME)";
				SWIFT_VERSION = 5.0;
				TARGETED_DEVICE_FAMILY = "1,2";
			};
			name = Release;
		};
		8A7D0C8226741C1800C2B47A /* Debug */ = {
			isa = XCBuildConfiguration;
			buildSettings = {
				ALWAYS_EMBED_SWIFT_STANDARD_LIBRARIES = YES;
				BUNDLE_LOADER = "$(TEST_HOST)";
				CODE_SIGN_STYLE = Automatic;
				INFOPLIST_FILE = "ios-desafioTests/Info.plist";
				IPHONEOS_DEPLOYMENT_TARGET = 13.2;
				LD_RUNPATH_SEARCH_PATHS = (
					"$(inherited)",
					"@executable_path/Frameworks",
					"@loader_path/Frameworks",
				);
				PRODUCT_BUNDLE_IDENTIFIER = "Renato-Ruiz.ios-desafioTests";
				PRODUCT_NAME = "$(TARGET_NAME)";
				SWIFT_VERSION = 5.0;
				TARGETED_DEVICE_FAMILY = "1,2";
				TEST_HOST = "$(BUILT_PRODUCTS_DIR)/ios-desafio.app/ios-desafio";
			};
			name = Debug;
		};
		8A7D0C8326741C1800C2B47A /* Release */ = {
			isa = XCBuildConfiguration;
			buildSettings = {
				ALWAYS_EMBED_SWIFT_STANDARD_LIBRARIES = YES;
				BUNDLE_LOADER = "$(TEST_HOST)";
				CODE_SIGN_STYLE = Automatic;
				INFOPLIST_FILE = "ios-desafioTests/Info.plist";
				IPHONEOS_DEPLOYMENT_TARGET = 13.2;
				LD_RUNPATH_SEARCH_PATHS = (
					"$(inherited)",
					"@executable_path/Frameworks",
					"@loader_path/Frameworks",
				);
				PRODUCT_BUNDLE_IDENTIFIER = "Renato-Ruiz.ios-desafioTests";
				PRODUCT_NAME = "$(TARGET_NAME)";
				SWIFT_VERSION = 5.0;
				TARGETED_DEVICE_FAMILY = "1,2";
				TEST_HOST = "$(BUILT_PRODUCTS_DIR)/ios-desafio.app/ios-desafio";
			};
			name = Release;
		};
		8A7D0C8526741C1800C2B47A /* Debug */ = {
			isa = XCBuildConfiguration;
			buildSettings = {
				ALWAYS_EMBED_SWIFT_STANDARD_LIBRARIES = YES;
				CODE_SIGN_STYLE = Automatic;
				INFOPLIST_FILE = "ios-desafioUITests/Info.plist";
				LD_RUNPATH_SEARCH_PATHS = (
					"$(inherited)",
					"@executable_path/Frameworks",
					"@loader_path/Frameworks",
				);
				PRODUCT_BUNDLE_IDENTIFIER = "Renato-Ruiz.ios-desafioUITests";
				PRODUCT_NAME = "$(TARGET_NAME)";
				SWIFT_VERSION = 5.0;
				TARGETED_DEVICE_FAMILY = "1,2";
				TEST_TARGET_NAME = "ios-desafio";
			};
			name = Debug;
		};
		8A7D0C8626741C1800C2B47A /* Release */ = {
			isa = XCBuildConfiguration;
			buildSettings = {
				ALWAYS_EMBED_SWIFT_STANDARD_LIBRARIES = YES;
				CODE_SIGN_STYLE = Automatic;
				INFOPLIST_FILE = "ios-desafioUITests/Info.plist";
				LD_RUNPATH_SEARCH_PATHS = (
					"$(inherited)",
					"@executable_path/Frameworks",
					"@loader_path/Frameworks",
				);
				PRODUCT_BUNDLE_IDENTIFIER = "Renato-Ruiz.ios-desafioUITests";
				PRODUCT_NAME = "$(TARGET_NAME)";
				SWIFT_VERSION = 5.0;
				TARGETED_DEVICE_FAMILY = "1,2";
				TEST_TARGET_NAME = "ios-desafio";
			};
			name = Release;
		};
/* End XCBuildConfiguration section */

/* Begin XCConfigurationList section */
		8A7D0C4F26741C1200C2B47A /* Build configuration list for PBXProject "ios-desafio" */ = {
			isa = XCConfigurationList;
			buildConfigurations = (
				8A7D0C7C26741C1800C2B47A /* Debug */,
				8A7D0C7D26741C1800C2B47A /* Release */,
			);
			defaultConfigurationIsVisible = 0;
			defaultConfigurationName = Release;
		};
		8A7D0C7E26741C1800C2B47A /* Build configuration list for PBXNativeTarget "ios-desafio" */ = {
			isa = XCConfigurationList;
			buildConfigurations = (
				8A7D0C7F26741C1800C2B47A /* Debug */,
				8A7D0C8026741C1800C2B47A /* Release */,
			);
			defaultConfigurationIsVisible = 0;
			defaultConfigurationName = Release;
		};
		8A7D0C8126741C1800C2B47A /* Build configuration list for PBXNativeTarget "ios-desafioTests" */ = {
			isa = XCConfigurationList;
			buildConfigurations = (
				8A7D0C8226741C1800C2B47A /* Debug */,
				8A7D0C8326741C1800C2B47A /* Release */,
			);
			defaultConfigurationIsVisible = 0;
			defaultConfigurationName = Release;
		};
		8A7D0C8426741C1800C2B47A /* Build configuration list for PBXNativeTarget "ios-desafioUITests" */ = {
			isa = XCConfigurationList;
			buildConfigurations = (
				8A7D0C8526741C1800C2B47A /* Debug */,
				8A7D0C8626741C1800C2B47A /* Release */,
			);
			defaultConfigurationIsVisible = 0;
			defaultConfigurationName = Release;
		};
/* End XCConfigurationList section */
	};
	rootObject = 8A7D0C4C26741C1200C2B47A /* Project object */;
}
